
Microsoft Visual Studio Solution File, Format Version 12.00
# Visual Studio Version 17
VisualStudioVersion = 17.4.33110.190
MinimumVisualStudioVersion = 10.0.40219.1
Project("{FAE04EC0-301F-11D3-BF4B-00C04F79EFBC}") = "ActivityTimer", "ActivityTimer\ActivityTimer.csproj", "{AB02FD51-7368-46FD-AF7A-BA8869DBA6E6}"
EndProject
Global
	GlobalSection(SolutionConfigurationPlatforms) = preSolution
		Debug|Any CPU = Debug|Any CPU
		Release|Any CPU = Release|Any CPU
	EndGlobalSection
	GlobalSection(ProjectConfigurationPlatforms) = postSolution
		{AB02FD51-7368-46FD-AF7A-BA8869DBA6E6}.Debug|Any CPU.ActiveCfg = Debug|Any CPU
		{AB02FD51-7368-46FD-AF7A-BA8869DBA6E6}.Debug|Any CPU.Build.0 = Debug|Any CPU
		{AB02FD51-7368-46FD-AF7A-BA8869DBA6E6}.Release|Any CPU.ActiveCfg = Release|Any CPU
		{AB02FD51-7368-46FD-AF7A-BA8869DBA6E6}.Release|Any CPU.Build.0 = Release|Any CPU
	EndGlobalSection
	GlobalSection(SolutionProperties) = preSolution
		HideSolutionNode = FALSE
	EndGlobalSection
	GlobalSection(ExtensibilityGlobals) = postSolution
		SolutionGuid = {5E1505D3-A56A-4DD3-A7FC-576B89BE7910}
	EndGlobalSection
EndGlobal
